
Microsoft Visual Studio Solution File, Format Version 12.00
# Visual Studio Version 16
VisualStudioVersion = 16.0.29209.62
MinimumVisualStudioVersion = 10.0.40219.1
Project("{FAE04EC0-301F-11D3-BF4B-00C04F79EFBC}") = "TestProject1", "TestProject1\TestProject1.csproj", "{0881CE21-D19F-47C8-8904-F913D023C7A6}"
EndProject
Global
	GlobalSection(SolutionConfigurationPlatforms) = preSolution
		Debug|Any CPU = Debug|Any CPU
		Release|Any CPU = Release|Any CPU
	EndGlobalSection
	GlobalSection(ProjectConfigurationPlatforms) = postSolution
		{0881CE21-D19F-47C8-8904-F913D023C7A6}.Debug|Any CPU.ActiveCfg = Debug|Any CPU
		{0881CE21-D19F-47C8-8904-F913D023C7A6}.Debug|Any CPU.Build.0 = Debug|Any CPU
		{0881CE21-D19F-47C8-8904-F913D023C7A6}.Release|Any CPU.ActiveCfg = Release|Any CPU
		{0881CE21-D19F-47C8-8904-F913D023C7A6}.Release|Any CPU.Build.0 = Release|Any CPU
	EndGlobalSection
	GlobalSection(SolutionProperties) = preSolution
		HideSolutionNode = FALSE
	EndGlobalSection
	GlobalSection(ExtensibilityGlobals) = postSolution
		SolutionGuid = {E67A2145-BE71-40CE-8248-9132AAD61E3B}
	EndGlobalSection
EndGlobal
